{
  "markbot": "3d40dde6ad5ee618df017f0a7a85e1cea11fa832e20d3600bb350c947299415e",
  "markbotignore": "030a4e6e1b3b6b510514a7ae54576e2c2ef762d56236c6414ef634955d96a126",
  "css/modules.css": "8a1ba27ffb3bd425520fe9f6e9353ba5c360d9b8f70214b0e0173359a538d415",
  "css/type.css": "c44933b33a9384ebd882d61656e8d9fac0be4f6900e4e6a507ed764cf905967e",
  "css/main.css": "d6b136d4db3a1b373cce030365ed55d471f8d8f57f1980c8995fcf897af2669a"
}