{
  "markbot": "a2b61e73c0b0c59328f1c466e47980d4994f58e389673779e58bb60d5486de9e",
  "markbotignore": "030a4e6e1b3b6b510514a7ae54576e2c2ef762d56236c6414ef634955d96a126",
  "css/modules.css": "8a1ba27ffb3bd425520fe9f6e9353ba5c360d9b8f70214b0e0173359a538d415",
  "css/type.css": "c44933b33a9384ebd882d61656e8d9fac0be4f6900e4e6a507ed764cf905967e",
  "css/main.css": "d6b136d4db3a1b373cce030365ed55d471f8d8f57f1980c8995fcf897af2669a",
  "index-320.png": "590c2f5d8534f3851965a579ce6bc235ec299fa563bf4fd6cdaa8fdf2dd97bb7",
  "index-400.png": "dafd86aa86ac296444d8ab3dc2f7d29e6b2c07e1a213dd952aae939d21805953",
  "index-608.png": "e4bf5284d127a47b5b7bf983066ad356fa5010836a8b3f6062eea0ed2e4a155e",
  "index-960.png": "bd7dcd44b8be46622940fb73d6fc778e178cc6b1a464086b0ac1a3e5e3e8678e",
  "index-1440.png": "e1768bccbef352bb992cd2740ad9254ff1adde5ee014720bb1d3b9374b27d45d"
}