{
  "markbot": "a2b61e73c0b0c59328f1c466e47980d4994f58e389673779e58bb60d5486de9e",
  "markbotignore": "030a4e6e1b3b6b510514a7ae54576e2c2ef762d56236c6414ef634955d96a126",
  "css/modules.css": "8a1ba27ffb3bd425520fe9f6e9353ba5c360d9b8f70214b0e0173359a538d415",
  "css/type.css": "c44933b33a9384ebd882d61656e8d9fac0be4f6900e4e6a507ed764cf905967e",
  "css/main.css": "d6b136d4db3a1b373cce030365ed55d471f8d8f57f1980c8995fcf897af2669a",
  "index-320.png": "9ed3509b8e50599de89c845b5391d576e267bdaba794b33a682e37814db7efcf",
  "index-400.png": "bb751c913f54a88ca0e6b1d3bb216493b1321295e547a609c6f37b973106eaf8",
  "index-608.png": "da8720fe0e50871a98f2608379883739b3835ac0413e62f0f3fbee05850570bc",
  "index-960.png": "32acbc21a77cfcd094065f69992992aa1ef181be83e595622f194aeba44d9dec",
  "index-1440.png": "cf0fd45460e23e3a584d5fee7d2ceeb5ff8ab710be0c4555f899ab2ea0f3568e"
}